
Microsoft Visual Studio Solution File, Format Version 12.00
# Visual Studio Version 16
VisualStudioVersion = 16.0.29102.190
MinimumVisualStudioVersion = 10.0.40219.1
Project("{FAE04EC0-301F-11D3-BF4B-00C04F79EFBC}") = "ClientDependencyInjectionDemo", ".\ClientDependencyInjectionDemo\ClientDependencyInjectionDemo\ClientDependencyInjectionDemo.csproj", "{638E60EE-AA23-4A06-BA4F-238170125758}"
EndProject
Project("{FAE04EC0-301F-11D3-BF4B-00C04F79EFBC}") = "BookStoreClient", ".\BookStoreClient\BookStoreClient\BookStoreClient.csproj", "{313B0E38-C506-4659-8B7E-6271CD6537C4}"
EndProject
Project("{FAE04EC0-301F-11D3-BF4B-00C04F79EFBC}") = "BookStoreApi", ".\BookStoreApi\BookStoreApi\BookStoreApi.csproj", "{CA9F94C6-3B17-454C-B17F-76A3C4E77D49}"
EndProject
Global
	GlobalSection(SolutionConfigurationPlatforms) = preSolution
		Debug|Any CPU = Debug|Any CPU
		Release|Any CPU = Release|Any CPU
	EndGlobalSection
	GlobalSection(ProjectConfigurationPlatforms) = postSolution
		{638E60EE-AA23-4A06-BA4F-238170125758}.Debug|Any CPU.ActiveCfg = Debug|Any CPU
		{638E60EE-AA23-4A06-BA4F-238170125758}.Debug|Any CPU.Build.0 = Debug|Any CPU
		{638E60EE-AA23-4A06-BA4F-238170125758}.Release|Any CPU.ActiveCfg = Release|Any CPU
		{638E60EE-AA23-4A06-BA4F-238170125758}.Release|Any CPU.Build.0 = Release|Any CPU
		{313B0E38-C506-4659-8B7E-6271CD6537C4}.Debug|Any CPU.ActiveCfg = Debug|Any CPU
		{313B0E38-C506-4659-8B7E-6271CD6537C4}.Debug|Any CPU.Build.0 = Debug|Any CPU
		{313B0E38-C506-4659-8B7E-6271CD6537C4}.Release|Any CPU.ActiveCfg = Release|Any CPU
		{313B0E38-C506-4659-8B7E-6271CD6537C4}.Release|Any CPU.Build.0 = Release|Any CPU
		{CA9F94C6-3B17-454C-B17F-76A3C4E77D49}.Debug|Any CPU.ActiveCfg = Debug|Any CPU
		{CA9F94C6-3B17-454C-B17F-76A3C4E77D49}.Debug|Any CPU.Build.0 = Debug|Any CPU
		{CA9F94C6-3B17-454C-B17F-76A3C4E77D49}.Release|Any CPU.ActiveCfg = Release|Any CPU
		{CA9F94C6-3B17-454C-B17F-76A3C4E77D49}.Release|Any CPU.Build.0 = Release|Any CPU
	EndGlobalSection
	GlobalSection(SolutionProperties) = preSolution
		HideSolutionNode = FALSE
	EndGlobalSection
	GlobalSection(ExtensibilityGlobals) = postSolution
		SolutionGuid = {7238F37D-3ADE-4641-B8DB-BDA30E6B871E}
	EndGlobalSection
EndGlobal
